
Microsoft Visual Studio Solution File, Format Version 12.00
# Visual Studio Version 17
VisualStudioVersion = 17.9.34622.214
MinimumVisualStudioVersion = 10.0.40219.1
Project("{9A19103F-16F7-4668-BE54-9A1E7A4F7556}") = "ShowBPM", "KeyViewer\ShowBPM.csproj", "{551CFDFB-CDC8-4EC8-A050-83BD5839313E}"
EndProject
Global
	GlobalSection(SolutionConfigurationPlatforms) = preSolution
		Debug|Any CPU = Debug|Any CPU
		Release|Any CPU = Release|Any CPU
	EndGlobalSection
	GlobalSection(ProjectConfigurationPlatforms) = postSolution
		{551CFDFB-CDC8-4EC8-A050-83BD5839313E}.Debug|Any CPU.ActiveCfg = Debug|Any CPU
		{551CFDFB-CDC8-4EC8-A050-83BD5839313E}.Debug|Any CPU.Build.0 = Debug|Any CPU
		{551CFDFB-CDC8-4EC8-A050-83BD5839313E}.Release|Any CPU.ActiveCfg = Release|Any CPU
		{551CFDFB-CDC8-4EC8-A050-83BD5839313E}.Release|Any CPU.Build.0 = Release|Any CPU
	EndGlobalSection
	GlobalSection(SolutionProperties) = preSolution
		HideSolutionNode = FALSE
	EndGlobalSection
	GlobalSection(ExtensibilityGlobals) = postSolution
		SolutionGuid = {FE8E2BDA-057D-42D2-BAC4-F29038D5A3D8}
	EndGlobalSection
EndGlobal
